// !$*UTF8*$!
{
	archiveVersion = 1;
	classes = {
	};
	objectVersion = 46;
	objects = {

/* Begin PBXBuildFile section */
		1E0588EA1C395823004BECC3 /* agt.gif in Resources */ = {isa = PBXBuildFile; fileRef = 1E0588DB1C395823004BECC3 /* agt.gif */; };
		1E0588EB1C395823004BECC3 /* baxi.gif in Resources */ = {isa = PBXBuildFile; fileRef = 1E0588DC1C395823004BECC3 /* baxi.gif */; };
		1E0588EC1C395823004BECC3 /* deguo.gif in Resources */ = {isa = PBXBuildFile; fileRef = 1E0588DD1C395823004BECC3 /* deguo.gif */; };
		1E0588ED1C395823004BECC3 /* faguo.gif in Resources */ = {isa = PBXBuildFile; fileRef = 1E0588DE1C395823004BECC3 /* faguo.gif */; };
		1E0588EE1C395823004BECC3 /* flags.plist in Resources */ = {isa = PBXBuildFile; fileRef = 1E0588DF1C395823004BECC3 /* flags.plist */; };
		1E0588EF1C395823004BECC3 /* hanguo.gif in Resources */ = {isa = PBXBuildFile; fileRef = 1E0588E01C395823004BECC3 /* hanguo.gif */; };
		1E0588F01C395823004BECC3 /* helan.gif in Resources */ = {isa = PBXBuildFile; fileRef = 1E0588E11C395823004BECC3 /* helan.gif */; };
		1E0588F11C395823004BECC3 /* putaoya.gif in Resources */ = {isa = PBXBuildFile; fileRef = 1E0588E21C395823004BECC3 /* putaoya.gif */; };
		1E0588F21C395823004BECC3 /* ruidian.gif in Resources */ = {isa = PBXBuildFile; fileRef = 1E0588E31C395823004BECC3 /* ruidian.gif */; };
		1E0588F31C395823004BECC3 /* ruishi.gif in Resources */ = {isa = PBXBuildFile; fileRef = 1E0588E41C395823004BECC3 /* ruishi.gif */; };
		1E0588F41C395823004BECC3 /* wlgui.gif in Resources */ = {isa = PBXBuildFile; fileRef = 1E0588E51C395823004BECC3 /* wlgui.gif */; };
		1E0588F51C395823004BECC3 /* xiby.gif in Resources */ = {isa = PBXBuildFile; fileRef = 1E0588E61C395823004BECC3 /* xiby.gif */; };
		1E0588F61C395823004BECC3 /* ydl.gif in Resources */ = {isa = PBXBuildFile; fileRef = 1E0588E71C395823004BECC3 /* ydl.gif */; };
		1E0588F71C395823004BECC3 /* ying.gif in Resources */ = {isa = PBXBuildFile; fileRef = 1E0588E81C395823004BECC3 /* ying.gif */; };
		1E0588F81C395823004BECC3 /* zhongguo.jpg in Resources */ = {isa = PBXBuildFile; fileRef = 1E0588E91C395823004BECC3 /* zhongguo.jpg */; };
		1E0588FC1C3958AE004BECC3 /* FlagView.m in Sources */ = {isa = PBXBuildFile; fileRef = 1E0588FA1C3958AE004BECC3 /* FlagView.m */; };
		1E0588FD1C3958AE004BECC3 /* FlagView.xib in Resources */ = {isa = PBXBuildFile; fileRef = 1E0588FB1C3958AE004BECC3 /* FlagView.xib */; };
		1E0DA6E81C394F4600BB2E2C /* main.m in Sources */ = {isa = PBXBuildFile; fileRef = 1E0DA6E71C394F4600BB2E2C /* main.m */; };
		1E0DA6EB1C394F4600BB2E2C /* AppDelegate.m in Sources */ = {isa = PBXBuildFile; fileRef = 1E0DA6EA1C394F4600BB2E2C /* AppDelegate.m */; };
		1E0DA6EE1C394F4600BB2E2C /* ViewController.m in Sources */ = {isa = PBXBuildFile; fileRef = 1E0DA6ED1C394F4600BB2E2C /* ViewController.m */; };
		1E0DA6F11C394F4600BB2E2C /* Main.storyboard in Resources */ = {isa = PBXBuildFile; fileRef = 1E0DA6EF1C394F4600BB2E2C /* Main.storyboard */; };
		1E0DA6F41C394F4600BB2E2C /* ____.xcdatamodeld in Sources */ = {isa = PBXBuildFile; fileRef = 1E0DA6F21C394F4600BB2E2C /* ____.xcdatamodeld */; };
		1E0DA6F61C394F4600BB2E2C /* Assets.xcassets in Resources */ = {isa = PBXBuildFile; fileRef = 1E0DA6F51C394F4600BB2E2C /* Assets.xcassets */; };
		1E0DA6F91C394F4600BB2E2C /* LaunchScreen.storyboard in Resources */ = {isa = PBXBuildFile; fileRef = 1E0DA6F71C394F4600BB2E2C /* LaunchScreen.storyboard */; };
		1E0DA7041C394F4600BB2E2C /* ____Tests.m in Sources */ = {isa = PBXBuildFile; fileRef = 1E0DA7031C394F4600BB2E2C /* ____Tests.m */; };
		1E0DA70F1C394F4600BB2E2C /* ____UITests.m in Sources */ = {isa = PBXBuildFile; fileRef = 1E0DA70E1C394F4600BB2E2C /* ____UITests.m */; };
		1E0DA73D1C394F6300BB2E2C /* LcxFlag.m in Sources */ = {isa = PBXBuildFile; fileRef = 1E0DA73C1C394F6300BB2E2C /* LcxFlag.m */; };
/* End PBXBuildFile section */

/* Begin PBXContainerItemProxy section */
		1E0DA7001C394F4600BB2E2C /* PBXContainerItemProxy */ = {
			isa = PBXContainerItemProxy;
			containerPortal = 1E0DA6DB1C394F4600BB2E2C /* Project object */;
			proxyType = 1;
			remoteGlobalIDString = 1E0DA6E21C394F4600BB2E2C;
			remoteInfo = "国旗选择";
		};
		1E0DA70B1C394F4600BB2E2C /* PBXContainerItemProxy */ = {
			isa = PBXContainerItemProxy;
			containerPortal = 1E0DA6DB1C394F4600BB2E2C /* Project object */;
			proxyType = 1;
			remoteGlobalIDString = 1E0DA6E21C394F4600BB2E2C;
			remoteInfo = "国旗选择";
		};
/* End PBXContainerItemProxy section */

/* Begin PBXFileReference section */
		1E0588DB1C395823004BECC3 /* agt.gif */ = {isa = PBXFileReference; lastKnownFileType = image.gif; path = agt.gif; sourceTree = "<group>"; };
		1E0588DC1C395823004BECC3 /* baxi.gif */ = {isa = PBXFileReference; lastKnownFileType = image.gif; path = baxi.gif; sourceTree = "<group>"; };
		1E0588DD1C395823004BECC3 /* deguo.gif */ = {isa = PBXFileReference; lastKnownFileType = image.gif; path = deguo.gif; sourceTree = "<group>"; };
		1E0588DE1C395823004BECC3 /* faguo.gif */ = {isa = PBXFileReference; lastKnownFileType = image.gif; path = faguo.gif; sourceTree = "<group>"; };
		1E0588DF1C395823004BECC3 /* flags.plist */ = {isa = PBXFileReference; fileEncoding = 4; lastKnownFileType = text.plist.xml; path = flags.plist; sourceTree = "<group>"; };
		1E0588E01C395823004BECC3 /* hanguo.gif */ = {isa = PBXFileReference; lastKnownFileType = image.gif; path = hanguo.gif; sourceTree = "<group>"; };
		1E0588E11C395823004BECC3 /* helan.gif */ = {isa = PBXFileReference; lastKnownFileType = image.gif; path = helan.gif; sourceTree = "<group>"; };
		1E0588E21C395823004BECC3 /* putaoya.gif */ = {isa = PBXFileReference; lastKnownFileType = image.gif; path = putaoya.gif; sourceTree = "<group>"; };
		1E0588E31C395823004BECC3 /* ruidian.gif */ = {isa = PBXFileReference; lastKnownFileType = image.gif; path = ruidian.gif; sourceTree = "<group>"; };
		1E0588E41C395823004BECC3 /* ruishi.gif */ = {isa = PBXFileReference; lastKnownFileType = image.gif; path = ruishi.gif; sourceTree = "<group>"; };
		1E0588E51C395823004BECC3 /* wlgui.gif */ = {isa = PBXFileReference; lastKnownFileType = image.gif; path = wlgui.gif; sourceTree = "<group>"; };
		1E0588E61C395823004BECC3 /* xiby.gif */ = {isa = PBXFileReference; lastKnownFileType = image.gif; path = xiby.gif; sourceTree = "<group>"; };
		1E0588E71C395823004BECC3 /* ydl.gif */ = {isa = PBXFileReference; lastKnownFileType = image.gif; path = ydl.gif; sourceTree = "<group>"; };
		1E0588E81C395823004BECC3 /* ying.gif */ = {isa = PBXFileReference; lastKnownFileType = image.gif; path = ying.gif; sourceTree = "<group>"; };
		1E0588E91C395823004BECC3 /* zhongguo.jpg */ = {isa = PBXFileReference; lastKnownFileType = image.jpeg; path = zhongguo.jpg; sourceTree = "<group>"; };
		1E0588F91C3958AE004BECC3 /* FlagView.h */ = {isa = PBXFileReference; fileEncoding = 4; lastKnownFileType = sourcecode.c.h; path = FlagView.h; sourceTree = "<group>"; };
		1E0588FA1C3958AE004BECC3 /* FlagView.m */ = {isa = PBXFileReference; fileEncoding = 4; lastKnownFileType = sourcecode.c.objc; path = FlagView.m; sourceTree = "<group>"; };
		1E0588FB1C3958AE004BECC3 /* FlagView.xib */ = {isa = PBXFileReference; fileEncoding = 4; lastKnownFileType = file.xib; path = FlagView.xib; sourceTree = "<group>"; };
		1E0DA6E31C394F4600BB2E2C /* 国旗选择.app */ = {isa = PBXFileReference; explicitFileType = wrapper.application; includeInIndex = 0; path = "国旗选择.app"; sourceTree = BUILT_PRODUCTS_DIR; };
		1E0DA6E71C394F4600BB2E2C /* main.m */ = {isa = PBXFileReference; lastKnownFileType = sourcecode.c.objc; path = main.m; sourceTree = "<group>"; };
		1E0DA6E91C394F4600BB2E2C /* AppDelegate.h */ = {isa = PBXFileReference; lastKnownFileType = sourcecode.c.h; path = AppDelegate.h; sourceTree = "<group>"; };
		1E0DA6EA1C394F4600BB2E2C /* AppDelegate.m */ = {isa = PBXFileReference; lastKnownFileType = sourcecode.c.objc; path = AppDelegate.m; sourceTree = "<group>"; };
		1E0DA6EC1C394F4600BB2E2C /* ViewController.h */ = {isa = PBXFileReference; lastKnownFileType = sourcecode.c.h; path = ViewController.h; sourceTree = "<group>"; };
		1E0DA6ED1C394F4600BB2E2C /* ViewController.m */ = {isa = PBXFileReference; lastKnownFileType = sourcecode.c.objc; path = ViewController.m; sourceTree = "<group>"; };
		1E0DA6F01C394F4600BB2E2C /* Base */ = {isa = PBXFileReference; lastKnownFileType = file.storyboard; name = Base; path = Base.lproj/Main.storyboard; sourceTree = "<group>"; };
		1E0DA6F31C394F4600BB2E2C /* ____.xcdatamodel */ = {isa = PBXFileReference; lastKnownFileType = wrapper.xcdatamodel; path = "____.xcdatamodel"; sourceTree = "<group>"; };
		1E0DA6F51C394F4600BB2E2C /* Assets.xcassets */ = {isa = PBXFileReference; lastKnownFileType = folder.assetcatalog; path = Assets.xcassets; sourceTree = "<group>"; };
		1E0DA6F81C394F4600BB2E2C /* Base */ = {isa = PBXFileReference; lastKnownFileType = file.storyboard; name = Base; path = Base.lproj/LaunchScreen.storyboard; sourceTree = "<group>"; };
		1E0DA6FA1C394F4600BB2E2C /* Info.plist */ = {isa = PBXFileReference; lastKnownFileType = text.plist.xml; path = Info.plist; sourceTree = "<group>"; };
		1E0DA6FF1C394F4600BB2E2C /* 国旗选择Tests.xctest */ = {isa = PBXFileReference; explicitFileType = wrapper.cfbundle; includeInIndex = 0; path = "国旗选择Tests.xctest"; sourceTree = BUILT_PRODUCTS_DIR; };
		1E0DA7031C394F4600BB2E2C /* ____Tests.m */ = {isa = PBXFileReference; lastKnownFileType = sourcecode.c.objc; path = "____Tests.m"; sourceTree = "<group>"; };
		1E0DA7051C394F4600BB2E2C /* Info.plist */ = {isa = PBXFileReference; lastKnownFileType = text.plist.xml; path = Info.plist; sourceTree = "<group>"; };
		1E0DA70A1C394F4600BB2E2C /* 国旗选择UITests.xctest */ = {isa = PBXFileReference; explicitFileType = wrapper.cfbundle; includeInIndex = 0; path = "国旗选择UITests.xctest"; sourceTree = BUILT_PRODUCTS_DIR; };
		1E0DA70E1C394F4600BB2E2C /* ____UITests.m */ = {isa = PBXFileReference; lastKnownFileType = sourcecode.c.objc; path = "____UITests.m"; sourceTree = "<group>"; };
		1E0DA7101C394F4600BB2E2C /* Info.plist */ = {isa = PBXFileReference; lastKnownFileType = text.plist.xml; path = Info.plist; sourceTree = "<group>"; };
		1E0DA73B1C394F6300BB2E2C /* LcxFlag.h */ = {isa = PBXFileReference; fileEncoding = 4; lastKnownFileType = sourcecode.c.h; path = LcxFlag.h; sourceTree = "<group>"; };
		1E0DA73C1C394F6300BB2E2C /* LcxFlag.m */ = {isa = PBXFileReference; fileEncoding = 4; lastKnownFileType = sourcecode.c.objc; path = LcxFlag.m; sourceTree = "<group>"; };
/* End PBXFileReference section */

/* Begin PBXFrameworksBuildPhase section */
		1E0DA6E01C394F4600BB2E2C /* Frameworks */ = {
			isa = PBXFrameworksBuildPhase;
			buildActionMask = 2147483647;
			files = (
			);
			runOnlyForDeploymentPostprocessing = 0;
		};
		1E0DA6FC1C394F4600BB2E2C /* Frameworks */ = {
			isa = PBXFrameworksBuildPhase;
			buildActionMask = 2147483647;
			files = (
			);
			runOnlyForDeploymentPostprocessing = 0;
		};
		1E0DA7071C394F4600BB2E2C /* Frameworks */ = {
			isa = PBXFrameworksBuildPhase;
			buildActionMask = 2147483647;
			files = (
			);
			runOnlyForDeploymentPostprocessing = 0;
		};
/* End PBXFrameworksBuildPhase section */

/* Begin PBXGroup section */
		1E0588DA1C395823004BECC3 /* guoqi */ = {
			isa = PBXGroup;
			children = (
				1E0588DB1C395823004BECC3 /* agt.gif */,
				1E0588DC1C395823004BECC3 /* baxi.gif */,
				1E0588DD1C395823004BECC3 /* deguo.gif */,
				1E0588DE1C395823004BECC3 /* faguo.gif */,
				1E0588DF1C395823004BECC3 /* flags.plist */,
				1E0588E01C395823004BECC3 /* hanguo.gif */,
				1E0588E11C395823004BECC3 /* helan.gif */,
				1E0588E21C395823004BECC3 /* putaoya.gif */,
				1E0588E31C395823004BECC3 /* ruidian.gif */,
				1E0588E41C395823004BECC3 /* ruishi.gif */,
				1E0588E51C395823004BECC3 /* wlgui.gif */,
				1E0588E61C395823004BECC3 /* xiby.gif */,
				1E0588E71C395823004BECC3 /* ydl.gif */,
				1E0588E81C395823004BECC3 /* ying.gif */,
				1E0588E91C395823004BECC3 /* zhongguo.jpg */,
			);
			path = guoqi;
			sourceTree = "<group>";
		};
		1E0DA6DA1C394F4600BB2E2C = {
			isa = PBXGroup;
			children = (
				1E0DA6E51C394F4600BB2E2C /* 国旗选择 */,
				1E0DA7021C394F4600BB2E2C /* 国旗选择Tests */,
				1E0DA70D1C394F4600BB2E2C /* 国旗选择UITests */,
				1E0DA6E41C394F4600BB2E2C /* Products */,
			);
			sourceTree = "<group>";
		};
		1E0DA6E41C394F4600BB2E2C /* Products */ = {
			isa = PBXGroup;
			children = (
				1E0DA6E31C394F4600BB2E2C /* 国旗选择.app */,
				1E0DA6FF1C394F4600BB2E2C /* 国旗选择Tests.xctest */,
				1E0DA70A1C394F4600BB2E2C /* 国旗选择UITests.xctest */,
			);
			name = Products;
			sourceTree = "<group>";
		};
		1E0DA6E51C394F4600BB2E2C /* 国旗选择 */ = {
			isa = PBXGroup;
			children = (
				1E0DA6E91C394F4600BB2E2C /* AppDelegate.h */,
				1E0DA6EA1C394F4600BB2E2C /* AppDelegate.m */,
				1E0DA6EC1C394F4600BB2E2C /* ViewController.h */,
				1E0DA6ED1C394F4600BB2E2C /* ViewController.m */,
				1E0DA6EF1C394F4600BB2E2C /* Main.storyboard */,
				1E0DA6F51C394F4600BB2E2C /* Assets.xcassets */,
				1E0DA6F71C394F4600BB2E2C /* LaunchScreen.storyboard */,
				1E0DA6FA1C394F4600BB2E2C /* Info.plist */,
				1E0DA6F21C394F4600BB2E2C /* ____.xcdatamodeld */,
				1E0DA6E61C394F4600BB2E2C /* Supporting Files */,
				1E0DA73B1C394F6300BB2E2C /* LcxFlag.h */,
				1E0DA73C1C394F6300BB2E2C /* LcxFlag.m */,
				1E0588F91C3958AE004BECC3 /* FlagView.h */,
				1E0588FA1C3958AE004BECC3 /* FlagView.m */,
				1E0588FB1C3958AE004BECC3 /* FlagView.xib */,
			);
			path = "国旗选择";
			sourceTree = "<group>";
		};
		1E0DA6E61C394F4600BB2E2C /* Supporting Files */ = {
			isa = PBXGroup;
			children = (
				1E0588DA1C395823004BECC3 /* guoqi */,
				1E0DA6E71C394F4600BB2E2C /* main.m */,
			);
			name = "Supporting Files";
			sourceTree = "<group>";
		};
		1E0DA7021C394F4600BB2E2C /* 国旗选择Tests */ = {
			isa = PBXGroup;
			children = (
				1E0DA7031C394F4600BB2E2C /* ____Tests.m */,
				1E0DA7051C394F4600BB2E2C /* Info.plist */,
			);
			path = "国旗选择Tests";
			sourceTree = "<group>";
		};
		1E0DA70D1C394F4600BB2E2C /* 国旗选择UITests */ = {
			isa = PBXGroup;
			children = (
				1E0DA70E1C394F4600BB2E2C /* ____UITests.m */,
				1E0DA7101C394F4600BB2E2C /* Info.plist */,
			);
			path = "国旗选择UITests";
			sourceTree = "<group>";
		};
/* End PBXGroup section */

/* Begin PBXNativeTarget section */
		1E0DA6E21C394F4600BB2E2C /* 国旗选择 */ = {
			isa = PBXNativeTarget;
			buildConfigurationList = 1E0DA7131C394F4600BB2E2C /* Build configuration list for PBXNativeTarget "国旗选择" */;
			buildPhases = (
				1E0DA6DF1C394F4600BB2E2C /* Sources */,
				1E0DA6E01C394F4600BB2E2C /* Frameworks */,
				1E0DA6E11C394F4600BB2E2C /* Resources */,
			);
			buildRules = (
			);
			dependencies = (
			);
			name = "国旗选择";
			productName = "国旗选择";
			productReference = 1E0DA6E31C394F4600BB2E2C /* 国旗选择.app */;
			productType = "com.apple.product-type.application";
		};
		1E0DA6FE1C394F4600BB2E2C /* 国旗选择Tests */ = {
			isa = PBXNativeTarget;
			buildConfigurationList = 1E0DA7161C394F4600BB2E2C /* Build configuration list for PBXNativeTarget "国旗选择Tests" */;
			buildPhases = (
				1E0DA6FB1C394F4600BB2E2C /* Sources */,
				1E0DA6FC1C394F4600BB2E2C /* Frameworks */,
				1E0DA6FD1C394F4600BB2E2C /* Resources */,
			);
			buildRules = (
			);
			dependencies = (
				1E0DA7011C394F4600BB2E2C /* PBXTargetDependency */,
			);
			name = "国旗选择Tests";
			productName = "国旗选择Tests";
			productReference = 1E0DA6FF1C394F4600BB2E2C /* 国旗选择Tests.xctest */;
			productType = "com.apple.product-type.bundle.unit-test";
		};
		1E0DA7091C394F4600BB2E2C /* 国旗选择UITests */ = {
			isa = PBXNativeTarget;
			buildConfigurationList = 1E0DA7191C394F4600BB2E2C /* Build configuration list for PBXNativeTarget "国旗选择UITests" */;
			buildPhases = (
				1E0DA7061C394F4600BB2E2C /* Sources */,
				1E0DA7071C394F4600BB2E2C /* Frameworks */,
				1E0DA7081C394F4600BB2E2C /* Resources */,
			);
			buildRules = (
			);
			dependencies = (
				1E0DA70C1C394F4600BB2E2C /* PBXTargetDependency */,
			);
			name = "国旗选择UITests";
			productName = "国旗选择UITests";
			productReference = 1E0DA70A1C394F4600BB2E2C /* 国旗选择UITests.xctest */;
			productType = "com.apple.product-type.bundle.ui-testing";
		};
/* End PBXNativeTarget section */

/* Begin PBXProject section */
		1E0DA6DB1C394F4600BB2E2C /* Project object */ = {
			isa = PBXProject;
			attributes = {
				LastUpgradeCheck = 0720;
				ORGANIZATIONNAME = Gate;
				TargetAttributes = {
					1E0DA6E21C394F4600BB2E2C = {
						CreatedOnToolsVersion = 7.2;
					};
					1E0DA6FE1C394F4600BB2E2C = {
						CreatedOnToolsVersion = 7.2;
						TestTargetID = 1E0DA6E21C394F4600BB2E2C;
					};
					1E0DA7091C394F4600BB2E2C = {
						CreatedOnToolsVersion = 7.2;
						TestTargetID = 1E0DA6E21C394F4600BB2E2C;
					};
				};
			};
			buildConfigurationList = 1E0DA6DE1C394F4600BB2E2C /* Build configuration list for PBXProject "国旗选择" */;
			compatibilityVersion = "Xcode 3.2";
			developmentRegion = English;
			hasScannedForEncodings = 0;
			knownRegions = (
				en,
				Base,
			);
			mainGroup = 1E0DA6DA1C394F4600BB2E2C;
			productRefGroup = 1E0DA6E41C394F4600BB2E2C /* Products */;
			projectDirPath = "";
			projectRoot = "";
			targets = (
				1E0DA6E21C394F4600BB2E2C /* 国旗选择 */,
				1E0DA6FE1C394F4600BB2E2C /* 国旗选择Tests */,
				1E0DA7091C394F4600BB2E2C /* 国旗选择UITests */,
			);
		};
/* End PBXProject section */

/* Begin PBXResourcesBuildPhase section */
		1E0DA6E11C394F4600BB2E2C /* Resources */ = {
			isa = PBXResourcesBuildPhase;
			buildActionMask = 2147483647;
			files = (
				1E0DA6F91C394F4600BB2E2C /* LaunchScreen.storyboard in Resources */,
				1E0588EF1C395823004BECC3 /* hanguo.gif in Resources */,
				1E0588EC1C395823004BECC3 /* deguo.gif in Resources */,
				1E0588F01C395823004BECC3 /* helan.gif in Resources */,
				1E0588F61C395823004BECC3 /* ydl.gif in Resources */,
				1E0588EE1C395823004BECC3 /* flags.plist in Resources */,
				1E0DA6F61C394F4600BB2E2C /* Assets.xcassets in Resources */,
				1E0588EB1C395823004BECC3 /* baxi.gif in Resources */,
				1E0588FD1C3958AE004BECC3 /* FlagView.xib in Resources */,
				1E0588F81C395823004BECC3 /* zhongguo.jpg in Resources */,
				1E0588F51C395823004BECC3 /* xiby.gif in Resources */,
				1E0588F71C395823004BECC3 /* ying.gif in Resources */,
				1E0588F41C395823004BECC3 /* wlgui.gif in Resources */,
				1E0588F11C395823004BECC3 /* putaoya.gif in Resources */,
				1E0588ED1C395823004BECC3 /* faguo.gif in Resources */,
				1E0DA6F11C394F4600BB2E2C /* Main.storyboard in Resources */,
				1E0588EA1C395823004BECC3 /* agt.gif in Resources */,
				1E0588F31C395823004BECC3 /* ruishi.gif in Resources */,
				1E0588F21C395823004BECC3 /* ruidian.gif in Resources */,
			);
			runOnlyForDeploymentPostprocessing = 0;
		};
		1E0DA6FD1C394F4600BB2E2C /* Resources */ = {
			isa = PBXResourcesBuildPhase;
			buildActionMask = 2147483647;
			files = (
			);
			runOnlyForDeploymentPostprocessing = 0;
		};
		1E0DA7081C394F4600BB2E2C /* Resources */ = {
			isa = PBXResourcesBuildPhase;
			buildActionMask = 2147483647;
			files = (
			);
			runOnlyForDeploymentPostprocessing = 0;
		};
/* End PBXResourcesBuildPhase section */

/* Begin PBXSourcesBuildPhase section */
		1E0DA6DF1C394F4600BB2E2C /* Sources */ = {
			isa = PBXSourcesBuildPhase;
			buildActionMask = 2147483647;
			files = (
				1E0DA6EE1C394F4600BB2E2C /* ViewController.m in Sources */,
				1E0588FC1C3958AE004BECC3 /* FlagView.m in Sources */,
				1E0DA6F41C394F4600BB2E2C /* ____.xcdatamodeld in Sources */,
				1E0DA6EB1C394F4600BB2E2C /* AppDelegate.m in Sources */,
				1E0DA73D1C394F6300BB2E2C /* LcxFlag.m in Sources */,
				1E0DA6E81C394F4600BB2E2C /* main.m in Sources */,
			);
			runOnlyForDeploymentPostprocessing = 0;
		};
		1E0DA6FB1C394F4600BB2E2C /* Sources */ = {
			isa = PBXSourcesBuildPhase;
			buildActionMask = 2147483647;
			files = (
				1E0DA7041C394F4600BB2E2C /* ____Tests.m in Sources */,
			);
			runOnlyForDeploymentPostprocessing = 0;
		};
		1E0DA7061C394F4600BB2E2C /* Sources */ = {
			isa = PBXSourcesBuildPhase;
			buildActionMask = 2147483647;
			files = (
				1E0DA70F1C394F4600BB2E2C /* ____UITests.m in Sources */,
			);
			runOnlyForDeploymentPostprocessing = 0;
		};
/* End PBXSourcesBuildPhase section */

/* Begin PBXTargetDependency section */
		1E0DA7011C394F4600BB2E2C /* PBXTargetDependency */ = {
			isa = PBXTargetDependency;
			target = 1E0DA6E21C394F4600BB2E2C /* 国旗选择 */;
			targetProxy = 1E0DA7001C394F4600BB2E2C /* PBXContainerItemProxy */;
		};
		1E0DA70C1C394F4600BB2E2C /* PBXTargetDependency */ = {
			isa = PBXTargetDependency;
			target = 1E0DA6E21C394F4600BB2E2C /* 国旗选择 */;
			targetProxy = 1E0DA70B1C394F4600BB2E2C /* PBXContainerItemProxy */;
		};
/* End PBXTargetDependency section */

/* Begin PBXVariantGroup section */
		1E0DA6EF1C394F4600BB2E2C /* Main.storyboard */ = {
			isa = PBXVariantGroup;
			children = (
				1E0DA6F01C394F4600BB2E2C /* Base */,
			);
			name = Main.storyboard;
			sourceTree = "<group>";
		};
		1E0DA6F71C394F4600BB2E2C /* LaunchScreen.storyboard */ = {
			isa = PBXVariantGroup;
			children = (
				1E0DA6F81C394F4600BB2E2C /* Base */,
			);
			name = LaunchScreen.storyboard;
			sourceTree = "<group>";
		};
/* End PBXVariantGroup section */

/* Begin XCBuildConfiguration section */
		1E0DA7111C394F4600BB2E2C /* Debug */ = {
			isa = XCBuildConfiguration;
			buildSettings = {
				ALWAYS_SEARCH_USER_PATHS = NO;
				CLANG_CXX_LANGUAGE_STANDARD = "gnu++0x";
				CLANG_CXX_LIBRARY = "libc++";
				CLANG_ENABLE_MODULES = YES;
				CLANG_ENABLE_OBJC_ARC = YES;
				CLANG_WARN_BOOL_CONVERSION = YES;
				CLANG_WARN_CONSTANT_CONVERSION = YES;
				CLANG_WARN_DIRECT_OBJC_ISA_USAGE = YES_ERROR;
				CLANG_WARN_EMPTY_BODY = YES;
				CLANG_WARN_ENUM_CONVERSION = YES;
				CLANG_WARN_INT_CONVERSION = YES;
				CLANG_WARN_OBJC_ROOT_CLASS = YES_ERROR;
				CLANG_WARN_UNREACHABLE_CODE = YES;
				CLANG_WARN__DUPLICATE_METHOD_MATCH = YES;
				"CODE_SIGN_IDENTITY[sdk=iphoneos*]" = "iPhone Developer";
				COPY_PHASE_STRIP = NO;
				DEBUG_INFORMATION_FORMAT = dwarf;
				ENABLE_STRICT_OBJC_MSGSEND = YES;
				ENABLE_TESTABILITY = YES;
				GCC_C_LANGUAGE_STANDARD = gnu99;
				GCC_DYNAMIC_NO_PIC = NO;
				GCC_NO_COMMON_BLOCKS = YES;
				GCC_OPTIMIZATION_LEVEL = 0;
				GCC_PREPROCESSOR_DEFINITIONS = (
					"DEBUG=1",
					"$(inherited)",
				);
				GCC_WARN_64_TO_32_BIT_CONVERSION = YES;
				GCC_WARN_ABOUT_RETURN_TYPE = YES_ERROR;
				GCC_WARN_UNDECLARED_SELECTOR = YES;
				GCC_WARN_UNINITIALIZED_AUTOS = YES_AGGRESSIVE;
				GCC_WARN_UNUSED_FUNCTION = YES;
				GCC_WARN_UNUSED_VARIABLE = YES;
				IPHONEOS_DEPLOYMENT_TARGET = 9.2;
				MTL_ENABLE_DEBUG_INFO = YES;
				ONLY_ACTIVE_ARCH = YES;
				SDKROOT = iphoneos;
			};
			name = Debug;
		};
		1E0DA7121C394F4600BB2E2C /* Release */ = {
			isa = XCBuildConfiguration;
			buildSettings = {
				ALWAYS_SEARCH_USER_PATHS = NO;
				CLANG_CXX_LANGUAGE_STANDARD = "gnu++0x";
				CLANG_CXX_LIBRARY = "libc++";
				CLANG_ENABLE_MODULES = YES;
				CLANG_ENABLE_OBJC_ARC = YES;
				CLANG_WARN_BOOL_CONVERSION = YES;
				CLANG_WARN_CONSTANT_CONVERSION = YES;
				CLANG_WARN_DIRECT_OBJC_ISA_USAGE = YES_ERROR;
				CLANG_WARN_EMPTY_BODY = YES;
				CLANG_WARN_ENUM_CONVERSION = YES;
				CLANG_WARN_INT_CONVERSION = YES;
				CLANG_WARN_OBJC_ROOT_CLASS = YES_ERROR;
				CLANG_WARN_UNREACHABLE_CODE = YES;
				CLANG_WARN__DUPLICATE_METHOD_MATCH = YES;
				"CODE_SIGN_IDENTITY[sdk=iphoneos*]" = "iPhone Developer";
				COPY_PHASE_STRIP = NO;
				DEBUG_INFORMATION_FORMAT = "dwarf-with-dsym";
				ENABLE_NS_ASSERTIONS = NO;
				ENABLE_STRICT_OBJC_MSGSEND = YES;
				GCC_C_LANGUAGE_STANDARD = gnu99;
				GCC_NO_COMMON_BLOCKS = YES;
				GCC_WARN_64_TO_32_BIT_CONVERSION = YES;
				GCC_WARN_ABOUT_RETURN_TYPE = YES_ERROR;
				GCC_WARN_UNDECLARED_SELECTOR = YES;
				GCC_WARN_UNINITIALIZED_AUTOS = YES_AGGRESSIVE;
				GCC_WARN_UNUSED_FUNCTION = YES;
				GCC_WARN_UNUSED_VARIABLE = YES;
				IPHONEOS_DEPLOYMENT_TARGET = 9.2;
				MTL_ENABLE_DEBUG_INFO = NO;
				SDKROOT = iphoneos;
				VALIDATE_PRODUCT = YES;
			};
			name = Release;
		};
		1E0DA7141C394F4600BB2E2C /* Debug */ = {
			isa = XCBuildConfiguration;
			buildSettings = {
				ASSETCATALOG_COMPILER_APPICON_NAME = AppIcon;
				INFOPLIST_FILE = "国旗选择/Info.plist";
				LD_RUNPATH_SEARCH_PATHS = "$(inherited) @executable_path/Frameworks";
				PRODUCT_BUNDLE_IDENTIFIER = "Gate.----";
				PRODUCT_NAME = "$(TARGET_NAME)";
			};
			name = Debug;
		};
		1E0DA7151C394F4600BB2E2C /* Release */ = {
			isa = XCBuildConfiguration;
			buildSettings = {
				ASSETCATALOG_COMPILER_APPICON_NAME = AppIcon;
				INFOPLIST_FILE = "国旗选择/Info.plist";
				LD_RUNPATH_SEARCH_PATHS = "$(inherited) @executable_path/Frameworks";
				PRODUCT_BUNDLE_IDENTIFIER = "Gate.----";
				PRODUCT_NAME = "$(TARGET_NAME)";
			};
			name = Release;
		};
		1E0DA7171C394F4600BB2E2C /* Debug */ = {
			isa = XCBuildConfiguration;
			buildSettings = {
				BUNDLE_LOADER = "$(TEST_HOST)";
				INFOPLIST_FILE = "国旗选择Tests/Info.plist";
				LD_RUNPATH_SEARCH_PATHS = "$(inherited) @executable_path/Frameworks @loader_path/Frameworks";
				PRODUCT_BUNDLE_IDENTIFIER = "Gate.----Tests";
				PRODUCT_NAME = "$(TARGET_NAME)";
				TEST_HOST = "$(BUILT_PRODUCTS_DIR)/国旗选择.app/国旗选择";
			};
			name = Debug;
		};
		1E0DA7181C394F4600BB2E2C /* Release */ = {
			isa = XCBuildConfiguration;
			buildSettings = {
				BUNDLE_LOADER = "$(TEST_HOST)";
				INFOPLIST_FILE = "国旗选择Tests/Info.plist";
				LD_RUNPATH_SEARCH_PATHS = "$(inherited) @executable_path/Frameworks @loader_path/Frameworks";
				PRODUCT_BUNDLE_IDENTIFIER = "Gate.----Tests";
				PRODUCT_NAME = "$(TARGET_NAME)";
				TEST_HOST = "$(BUILT_PRODUCTS_DIR)/国旗选择.app/国旗选择";
			};
			name = Release;
		};
		1E0DA71A1C394F4600BB2E2C /* Debug */ = {
			isa = XCBuildConfiguration;
			buildSettings = {
				INFOPLIST_FILE = "国旗选择UITests/Info.plist";
				LD_RUNPATH_SEARCH_PATHS = "$(inherited) @executable_path/Frameworks @loader_path/Frameworks";
				PRODUCT_BUNDLE_IDENTIFIER = "Gate.----UITests";
				PRODUCT_NAME = "$(TARGET_NAME)";
				TEST_TARGET_NAME = "国旗选择";
				USES_XCTRUNNER = YES;
			};
			name = Debug;
		};
		1E0DA71B1C394F4600BB2E2C /* Release */ = {
			isa = XCBuildConfiguration;
			buildSettings = {
				INFOPLIST_FILE = "国旗选择UITests/Info.plist";
				LD_RUNPATH_SEARCH_PATHS = "$(inherited) @executable_path/Frameworks @loader_path/Frameworks";
				PRODUCT_BUNDLE_IDENTIFIER = "Gate.----UITests";
				PRODUCT_NAME = "$(TARGET_NAME)";
				TEST_TARGET_NAME = "国旗选择";
				USES_XCTRUNNER = YES;
			};
			name = Release;
		};
/* End XCBuildConfiguration section */

/* Begin XCConfigurationList section */
		1E0DA6DE1C394F4600BB2E2C /* Build configuration list for PBXProject "国旗选择" */ = {
			isa = XCConfigurationList;
			buildConfigurations = (
				1E0DA7111C394F4600BB2E2C /* Debug */,
				1E0DA7121C394F4600BB2E2C /* Release */,
			);
			defaultConfigurationIsVisible = 0;
			defaultConfigurationName = Release;
		};
		1E0DA7131C394F4600BB2E2C /* Build configuration list for PBXNativeTarget "国旗选择" */ = {
			isa = XCConfigurationList;
			buildConfigurations = (
				1E0DA7141C394F4600BB2E2C /* Debug */,
				1E0DA7151C394F4600BB2E2C /* Release */,
			);
			defaultConfigurationIsVisible = 0;
			defaultConfigurationName = Release;
		};
		1E0DA7161C394F4600BB2E2C /* Build configuration list for PBXNativeTarget "国旗选择Tests" */ = {
			isa = XCConfigurationList;
			buildConfigurations = (
				1E0DA7171C394F4600BB2E2C /* Debug */,
				1E0DA7181C394F4600BB2E2C /* Release */,
			);
			defaultConfigurationIsVisible = 0;
			defaultConfigurationName = Release;
		};
		1E0DA7191C394F4600BB2E2C /* Build configuration list for PBXNativeTarget "国旗选择UITests" */ = {
			isa = XCConfigurationList;
			buildConfigurations = (
				1E0DA71A1C394F4600BB2E2C /* Debug */,
				1E0DA71B1C394F4600BB2E2C /* Release */,
			);
			defaultConfigurationIsVisible = 0;
			defaultConfigurationName = Release;
		};
/* End XCConfigurationList section */

/* Begin XCVersionGroup section */
		1E0DA6F21C394F4600BB2E2C /* ____.xcdatamodeld */ = {
			isa = XCVersionGroup;
			children = (
				1E0DA6F31C394F4600BB2E2C /* ____.xcdatamodel */,
			);
			currentVersion = 1E0DA6F31C394F4600BB2E2C /* ____.xcdatamodel */;
			path = "____.xcdatamodeld";
			sourceTree = "<group>";
			versionGroupType = wrapper.xcdatamodel;
		};
/* End XCVersionGroup section */
	};
	rootObject = 1E0DA6DB1C394F4600BB2E2C /* Project object */;
}
